
Microsoft Visual Studio Solution File, Format Version 12.00
# Visual Studio Version 17
VisualStudioVersion = 17.1.32228.430
MinimumVisualStudioVersion = 10.0.40219.1
Project("{FAE04EC0-301F-11D3-BF4B-00C04F79EFBC}") = "repositoryPattern_Demo", "repositoryPattern_Demo\repositoryPattern_Demo.csproj", "{29974E0D-BB79-4AD2-A2F0-E77B3268929E}"
EndProject
Global
	GlobalSection(SolutionConfigurationPlatforms) = preSolution
		Debug|Any CPU = Debug|Any CPU
		Release|Any CPU = Release|Any CPU
	EndGlobalSection
	GlobalSection(ProjectConfigurationPlatforms) = postSolution
		{29974E0D-BB79-4AD2-A2F0-E77B3268929E}.Debug|Any CPU.ActiveCfg = Debug|Any CPU
		{29974E0D-BB79-4AD2-A2F0-E77B3268929E}.Debug|Any CPU.Build.0 = Debug|Any CPU
		{29974E0D-BB79-4AD2-A2F0-E77B3268929E}.Release|Any CPU.ActiveCfg = Release|Any CPU
		{29974E0D-BB79-4AD2-A2F0-E77B3268929E}.Release|Any CPU.Build.0 = Release|Any CPU
	EndGlobalSection
	GlobalSection(SolutionProperties) = preSolution
		HideSolutionNode = FALSE
	EndGlobalSection
	GlobalSection(ExtensibilityGlobals) = postSolution
		SolutionGuid = {FD3C3E0A-B6C7-4447-A47E-1CA752F8BA3D}
	EndGlobalSection
EndGlobal
